
Microsoft Visual Studio Solution File, Format Version 12.00
# Visual Studio Version 17
VisualStudioVersion = 17.8.34408.163
MinimumVisualStudioVersion = 10.0.40219.1
Project("{FAE04EC0-301F-11D3-BF4B-00C04F79EFBC}") = "MovieListDam", "MovieListDam.csproj", "{EBEE1C90-6E00-4CC4-A8F2-3B98D5A5EA40}"
EndProject
Global
	GlobalSection(SolutionConfigurationPlatforms) = preSolution
		Debug|Any CPU = Debug|Any CPU
		Release|Any CPU = Release|Any CPU
	EndGlobalSection
	GlobalSection(ProjectConfigurationPlatforms) = postSolution
		{EBEE1C90-6E00-4CC4-A8F2-3B98D5A5EA40}.Debug|Any CPU.ActiveCfg = Debug|Any CPU
		{EBEE1C90-6E00-4CC4-A8F2-3B98D5A5EA40}.Debug|Any CPU.Build.0 = Debug|Any CPU
		{EBEE1C90-6E00-4CC4-A8F2-3B98D5A5EA40}.Release|Any CPU.ActiveCfg = Release|Any CPU
		{EBEE1C90-6E00-4CC4-A8F2-3B98D5A5EA40}.Release|Any CPU.Build.0 = Release|Any CPU
	EndGlobalSection
	GlobalSection(SolutionProperties) = preSolution
		HideSolutionNode = FALSE
	EndGlobalSection
	GlobalSection(ExtensibilityGlobals) = postSolution
		SolutionGuid = {0A1E7541-83C4-4805-8956-03B793A246FC}
	EndGlobalSection
EndGlobal
