
Microsoft Visual Studio Solution File, Format Version 12.00
# Visual Studio Version 17
VisualStudioVersion = 17.8.34525.116
MinimumVisualStudioVersion = 10.0.40219.1
Project("{FAE04EC0-301F-11D3-BF4B-00C04F79EFBC}") = "OlympicsWebsite", "OlympicsWebsite.csproj", "{5E1DF091-648C-4484-832F-4B5651049BF7}"
EndProject
Global
	GlobalSection(SolutionConfigurationPlatforms) = preSolution
		Debug|Any CPU = Debug|Any CPU
		Release|Any CPU = Release|Any CPU
	EndGlobalSection
	GlobalSection(ProjectConfigurationPlatforms) = postSolution
		{5E1DF091-648C-4484-832F-4B5651049BF7}.Debug|Any CPU.ActiveCfg = Debug|Any CPU
		{5E1DF091-648C-4484-832F-4B5651049BF7}.Debug|Any CPU.Build.0 = Debug|Any CPU
		{5E1DF091-648C-4484-832F-4B5651049BF7}.Release|Any CPU.ActiveCfg = Release|Any CPU
		{5E1DF091-648C-4484-832F-4B5651049BF7}.Release|Any CPU.Build.0 = Release|Any CPU
	EndGlobalSection
	GlobalSection(SolutionProperties) = preSolution
		HideSolutionNode = FALSE
	EndGlobalSection
	GlobalSection(ExtensibilityGlobals) = postSolution
		SolutionGuid = {C26F5356-B9C6-4E3A-9251-BC3E4B259418}
	EndGlobalSection
EndGlobal
